
Microsoft Visual Studio Solution File, Format Version 12.00
# Visual Studio Version 17
VisualStudioVersion = 17.3.32825.248
MinimumVisualStudioVersion = 10.0.40219.1
Project("{FAE04EC0-301F-11D3-BF4B-00C04F79EFBC}") = "lista3erx4", "lista3erx4\lista3erx4.csproj", "{B0F506CC-9A0F-43F9-B7AE-321D06CEAE6F}"
EndProject
Global
	GlobalSection(SolutionConfigurationPlatforms) = preSolution
		Debug|Any CPU = Debug|Any CPU
		Release|Any CPU = Release|Any CPU
	EndGlobalSection
	GlobalSection(ProjectConfigurationPlatforms) = postSolution
		{B0F506CC-9A0F-43F9-B7AE-321D06CEAE6F}.Debug|Any CPU.ActiveCfg = Debug|Any CPU
		{B0F506CC-9A0F-43F9-B7AE-321D06CEAE6F}.Debug|Any CPU.Build.0 = Debug|Any CPU
		{B0F506CC-9A0F-43F9-B7AE-321D06CEAE6F}.Release|Any CPU.ActiveCfg = Release|Any CPU
		{B0F506CC-9A0F-43F9-B7AE-321D06CEAE6F}.Release|Any CPU.Build.0 = Release|Any CPU
	EndGlobalSection
	GlobalSection(SolutionProperties) = preSolution
		HideSolutionNode = FALSE
	EndGlobalSection
	GlobalSection(ExtensibilityGlobals) = postSolution
		SolutionGuid = {C4E4E9D1-28FA-44F8-A99A-1C5E161C806F}
	EndGlobalSection
EndGlobal
